{
  "version": 4,
  "terraform_version": "1.11.3",
  "serial": 39,
  "lineage": "66963904-ff3b-be98-f7fd-394281f08b33",
  "outputs": {
    "availability_zone": {
      "value": "us-east-1a",
      "type": "string"
    },
    "backend_health_url": {
      "value": "http://3.90.178.67:8000/health",
      "type": "string"
    },
    "backend_url": {
      "value": "http://3.90.178.67:8000",
      "type": "string"
    },
    "frontend_url": {
      "value": "http://3.90.178.67",
      "type": "string"
    },
    "instance_id": {
      "value": "i-07d146562e83c8ae0",
      "type": "string"
    },
    "instance_public_dns": {
      "value": "ec2-3-90-178-67.compute-1.amazonaws.com",
      "type": "string"
    },
    "instance_public_ip": {
      "value": "3.90.178.67",
      "type": "string"
    },
    "quick_access": {
      "value": {
        "backend": "http://3.90.178.67:8000",
        "frontend": "http://3.90.178.67",
        "health": "http://3.90.178.67:8000/health",
        "public_ip": "3.90.178.67",
        "ssh": "ssh -i ~/.ssh/voice-agent-key ec2-user@3.90.178.67"
      },
      "type": [
        "object",
        {
          "backend": "string",
          "frontend": "string",
          "health": "string",
          "public_ip": "string",
          "ssh": "string"
        }
      ]
    },
    "security_group_id": {
      "value": "sg-0c280fa40ccd87185",
      "type": "string"
    },
    "ssh_connection": {
      "value": "ssh -i ~/.ssh/voice-agent-key ec2-user@3.90.178.67",
      "type": "string"
    }
  },
  "resources": [
    {
      "mode": "data",
      "type": "aws_ami",
      "name": "amazon_linux",
      "provider": "provider[\"registry.terraform.io/hashicorp/aws\"]",
      "instances": [
        {
          "schema_version": 0,
          "attributes": {
            "architecture": "x86_64",
            "arn": "arn:aws:ec2:us-east-1::image/ami-0e95a5e2743ec9ec9",
            "block_device_mappings": [
              {
                "device_name": "/dev/xvda",
                "ebs": {
                  "delete_on_termination": "true",
                  "encrypted": "false",
                  "iops": "0",
                  "snapshot_id": "snap-05d65fb778304569a",
                  "throughput": "0",
                  "volume_initialization_rate": "0",
                  "volume_size": "8",
                  "volume_type": "gp2"
                },
                "no_device": "",
                "virtual_name": ""
              }
            ],
            "boot_mode": "",
            "creation_date": "2025-08-16T04:54:06.000Z",
            "deprecation_time": "2025-11-14T04:54:00.000Z",
            "description": "Amazon Linux 2 AMI 2.0.20250818.2 x86_64 HVM gp2",
            "ena_support": true,
            "executable_users": null,
            "filter": [
              {
                "name": "name",
                "values": [
                  "amzn2-ami-hvm-*-x86_64-gp2"
                ]
              },
              {
                "name": "virtualization-type",
                "values": [
                  "hvm"
                ]
              }
            ],
            "hypervisor": "xen",
            "id": "ami-0e95a5e2743ec9ec9",
            "image_id": "ami-0e95a5e2743ec9ec9",
            "image_location": "amazon/amzn2-ami-hvm-2.0.20250818.2-x86_64-gp2",
            "image_owner_alias": "amazon",
            "image_type": "machine",
            "imds_support": "",
            "include_deprecated": false,
            "kernel_id": "",
            "last_launched_time": "",
            "most_recent": true,
            "name": "amzn2-ami-hvm-2.0.20250818.2-x86_64-gp2",
            "name_regex": null,
            "owner_id": "137112412989",
            "owners": [
              "amazon"
            ],
            "platform": "",
            "platform_details": "Linux/UNIX",
            "product_codes": [],
            "public": true,
            "ramdisk_id": "",
            "root_device_name": "/dev/xvda",
            "root_device_type": "ebs",
            "root_snapshot_id": "snap-05d65fb778304569a",
            "sriov_net_support": "simple",
            "state": "available",
            "state_reason": {
              "code": "UNSET",
              "message": "UNSET"
            },
            "tags": {},
            "timeouts": null,
            "tpm_support": "",
            "uefi_data": null,
            "usage_operation": "RunInstances",
            "virtualization_type": "hvm"
          },
          "sensitive_attributes": []
        }
      ]
    },
    {
      "mode": "data",
      "type": "aws_availability_zones",
      "name": "available",
      "provider": "provider[\"registry.terraform.io/hashicorp/aws\"]",
      "instances": [
        {
          "schema_version": 0,
          "attributes": {
            "all_availability_zones": null,
            "exclude_names": null,
            "exclude_zone_ids": null,
            "filter": null,
            "group_names": [
              "us-east-1-zg-1"
            ],
            "id": "us-east-1",
            "names": [
              "us-east-1a",
              "us-east-1b",
              "us-east-1c",
              "us-east-1d",
              "us-east-1e",
              "us-east-1f"
            ],
            "state": "available",
            "timeouts": null,
            "zone_ids": [
              "use1-az6",
              "use1-az1",
              "use1-az2",
              "use1-az4",
              "use1-az3",
              "use1-az5"
            ]
          },
          "sensitive_attributes": []
        }
      ]
    },
    {
      "mode": "data",
      "type": "aws_subnet",
      "name": "default",
      "provider": "provider[\"registry.terraform.io/hashicorp/aws\"]",
      "instances": [
        {
          "schema_version": 0,
          "attributes": {
            "arn": "arn:aws:ec2:us-east-1:555233576616:subnet/subnet-05c3a608703c7ef55",
            "assign_ipv6_address_on_creation": false,
            "availability_zone": "us-east-1a",
            "availability_zone_id": "use1-az6",
            "available_ip_address_count": 4090,
            "cidr_block": "172.31.32.0/20",
            "customer_owned_ipv4_pool": "",
            "default_for_az": true,
            "enable_dns64": false,
            "enable_lni_at_device_index": 0,
            "enable_resource_name_dns_a_record_on_launch": false,
            "enable_resource_name_dns_aaaa_record_on_launch": false,
            "filter": null,
            "id": "subnet-05c3a608703c7ef55",
            "ipv6_cidr_block": "",
            "ipv6_cidr_block_association_id": "",
            "ipv6_native": false,
            "map_customer_owned_ip_on_launch": false,
            "map_public_ip_on_launch": true,
            "outpost_arn": "",
            "owner_id": "555233576616",
            "private_dns_hostname_type_on_launch": "ip-name",
            "state": "available",
            "tags": {},
            "timeouts": null,
            "vpc_id": "vpc-0327181a43ab90289"
          },
          "sensitive_attributes": []
        }
      ]
    },
    {
      "mode": "data",
      "type": "aws_vpc",
      "name": "default",
      "provider": "provider[\"registry.terraform.io/hashicorp/aws\"]",
      "instances": [
        {
          "schema_version": 0,
          "attributes": {
            "arn": "arn:aws:ec2:us-east-1:555233576616:vpc/vpc-0327181a43ab90289",
            "cidr_block": "172.31.0.0/16",
            "cidr_block_associations": [
              {
                "association_id": "vpc-cidr-assoc-097b1be743a189750",
                "cidr_block": "172.31.0.0/16",
                "state": "associated"
              }
            ],
            "default": true,
            "dhcp_options_id": "dopt-0980dedd6e89d5d2b",
            "enable_dns_hostnames": true,
            "enable_dns_support": true,
            "enable_network_address_usage_metrics": false,
            "filter": null,
            "id": "vpc-0327181a43ab90289",
            "instance_tenancy": "default",
            "ipv6_association_id": "",
            "ipv6_cidr_block": "",
            "main_route_table_id": "rtb-06ec1db2ddb066960",
            "owner_id": "555233576616",
            "state": null,
            "tags": {},
            "timeouts": null
          },
          "sensitive_attributes": []
        }
      ]
    },
    {
      "mode": "managed",
      "type": "aws_iam_instance_profile",
      "name": "ec2_voice_agent_profile",
      "provider": "provider[\"registry.terraform.io/hashicorp/aws\"]",
      "instances": [
        {
          "schema_version": 0,
          "attributes": {
            "arn": "arn:aws:iam::555233576616:instance-profile/ec2-voice-agent-profile",
            "create_date": "2025-09-05T10:33:37Z",
            "id": "ec2-voice-agent-profile",
            "name": "ec2-voice-agent-profile",
            "name_prefix": "",
            "path": "/",
            "role": "ec2-voice-agent-role",
            "tags": {
              "Environment": "dev",
              "Name": "EC2 Voice Agent Instance Profile",
              "Project": "ai-voice-agent"
            },
            "tags_all": {
              "Environment": "dev",
              "ManagedBy": "terraform",
              "Name": "EC2 Voice Agent Instance Profile",
              "Project": "ai-voice-agent"
            },
            "unique_id": "AIPAYCRUAA2UJNGCPISW6"
          },
          "sensitive_attributes": [],
          "private": "bnVsbA==",
          "dependencies": [
            "aws_iam_role.ec2_voice_agent_role"
          ],
          "create_before_destroy": true
        }
      ]
    },
    {
      "mode": "managed",
      "type": "aws_iam_policy",
      "name": "bedrock_nova_sonic_policy",
      "provider": "provider[\"registry.terraform.io/hashicorp/aws\"]",
      "instances": [
        {
          "schema_version": 0,
          "attributes": {
            "arn": "arn:aws:iam::555233576616:policy/bedrock-nova-sonic-policy",
            "attachment_count": 1,
            "description": "Policy for accessing AWS Bedrock Nova Sonic model",
            "id": "arn:aws:iam::555233576616:policy/bedrock-nova-sonic-policy",
            "name": "bedrock-nova-sonic-policy",
            "name_prefix": "",
            "path": "/",
            "policy": "{\"Statement\":[{\"Action\":[\"bedrock:InvokeModel\",\"bedrock:InvokeModelWithResponseStream\",\"bedrock:GetFoundationModel\",\"bedrock:ListFoundationModels\"],\"Effect\":\"Allow\",\"Resource\":[\"arn:aws:bedrock:us-east-1::foundation-model/amazon.nova-sonic-v1:0\",\"arn:aws:bedrock:us-east-1::foundation-model/amazon.nova-sonic-*\"]},{\"Action\":[\"bedrock:ListFoundationModels\",\"bedrock:GetFoundationModel\"],\"Effect\":\"Allow\",\"Resource\":\"*\"}],\"Version\":\"2012-10-17\"}",
            "policy_id": "ANPAYCRUAA2UKHETITSQX",
            "tags": {
              "Environment": "dev",
              "Name": "Bedrock Nova Sonic Policy",
              "Project": "ai-voice-agent"
            },
            "tags_all": {
              "Environment": "dev",
              "ManagedBy": "terraform",
              "Name": "Bedrock Nova Sonic Policy",
              "Project": "ai-voice-agent"
            }
          },
          "sensitive_attributes": [],
          "private": "bnVsbA=="
        }
      ]
    },
    {
      "mode": "managed",
      "type": "aws_iam_policy",
      "name": "cloudwatch_logs_policy",
      "provider": "provider[\"registry.terraform.io/hashicorp/aws\"]",
      "instances": [
        {
          "schema_version": 0,
          "attributes": {
            "arn": "arn:aws:iam::555233576616:policy/ec2-cloudwatch-logs-policy",
            "attachment_count": 1,
            "description": "Policy for EC2 to write to CloudWatch Logs",
            "id": "arn:aws:iam::555233576616:policy/ec2-cloudwatch-logs-policy",
            "name": "ec2-cloudwatch-logs-policy",
            "name_prefix": "",
            "path": "/",
            "policy": "{\"Statement\":[{\"Action\":[\"logs:CreateLogGroup\",\"logs:CreateLogStream\",\"logs:PutLogEvents\",\"logs:DescribeLogStreams\",\"logs:DescribeLogGroups\"],\"Effect\":\"Allow\",\"Resource\":\"arn:aws:logs:us-east-1:*:*\"}],\"Version\":\"2012-10-17\"}",
            "policy_id": "ANPAYCRUAA2UD4G3RHETB",
            "tags": {
              "Environment": "dev",
              "Name": "CloudWatch Logs Policy",
              "Project": "ai-voice-agent"
            },
            "tags_all": {
              "Environment": "dev",
              "ManagedBy": "terraform",
              "Name": "CloudWatch Logs Policy",
              "Project": "ai-voice-agent"
            }
          },
          "sensitive_attributes": [],
          "private": "bnVsbA=="
        }
      ]
    },
    {
      "mode": "managed",
      "type": "aws_iam_role",
      "name": "ec2_voice_agent_role",
      "provider": "provider[\"registry.terraform.io/hashicorp/aws\"]",
      "instances": [
        {
          "schema_version": 0,
          "attributes": {
            "arn": "arn:aws:iam::555233576616:role/ec2-voice-agent-role",
            "assume_role_policy": "{\"Statement\":[{\"Action\":\"sts:AssumeRole\",\"Effect\":\"Allow\",\"Principal\":{\"Service\":\"ec2.amazonaws.com\"}}],\"Version\":\"2012-10-17\"}",
            "create_date": "2025-09-05T10:33:36Z",
            "description": "",
            "force_detach_policies": false,
            "id": "ec2-voice-agent-role",
            "inline_policy": [],
            "managed_policy_arns": [
              "arn:aws:iam::555233576616:policy/bedrock-nova-sonic-policy",
              "arn:aws:iam::555233576616:policy/ec2-cloudwatch-logs-policy"
            ],
            "max_session_duration": 3600,
            "name": "ec2-voice-agent-role",
            "name_prefix": "",
            "path": "/",
            "permissions_boundary": "",
            "tags": {
              "Environment": "dev",
              "Name": "EC2 Voice Agent Role",
              "Project": "ai-voice-agent"
            },
            "tags_all": {
              "Environment": "dev",
              "ManagedBy": "terraform",
              "Name": "EC2 Voice Agent Role",
              "Project": "ai-voice-agent"
            },
            "unique_id": "AROAYCRUAA2UEDS25M7RQ"
          },
          "sensitive_attributes": [],
          "private": "bnVsbA==",
          "create_before_destroy": true
        }
      ]
    },
    {
      "mode": "managed",
      "type": "aws_iam_role_policy_attachment",
      "name": "attach_bedrock_policy",
      "provider": "provider[\"registry.terraform.io/hashicorp/aws\"]",
      "instances": [
        {
          "schema_version": 0,
          "attributes": {
            "id": "ec2-voice-agent-role-20250905103338119600000002",
            "policy_arn": "arn:aws:iam::555233576616:policy/bedrock-nova-sonic-policy",
            "role": "ec2-voice-agent-role"
          },
          "sensitive_attributes": [],
          "private": "bnVsbA==",
          "dependencies": [
            "aws_iam_policy.bedrock_nova_sonic_policy",
            "aws_iam_role.ec2_voice_agent_role"
          ]
        }
      ]
    },
    {
      "mode": "managed",
      "type": "aws_iam_role_policy_attachment",
      "name": "attach_cloudwatch_policy",
      "provider": "provider[\"registry.terraform.io/hashicorp/aws\"]",
      "instances": [
        {
          "schema_version": 0,
          "attributes": {
            "id": "ec2-voice-agent-role-20250905103338159000000003",
            "policy_arn": "arn:aws:iam::555233576616:policy/ec2-cloudwatch-logs-policy",
            "role": "ec2-voice-agent-role"
          },
          "sensitive_attributes": [],
          "private": "bnVsbA==",
          "dependencies": [
            "aws_iam_policy.cloudwatch_logs_policy",
            "aws_iam_role.ec2_voice_agent_role"
          ]
        }
      ]
    },
    {
      "mode": "managed",
      "type": "aws_instance",
      "name": "voice_agent",
      "provider": "provider[\"registry.terraform.io/hashicorp/aws\"]",
      "instances": [
        {
          "schema_version": 1,
          "attributes": {
            "ami": "ami-0e95a5e2743ec9ec9",
            "arn": "arn:aws:ec2:us-east-1:555233576616:instance/i-07d146562e83c8ae0",
            "associate_public_ip_address": true,
            "availability_zone": "us-east-1a",
            "capacity_reservation_specification": [
              {
                "capacity_reservation_preference": "open",
                "capacity_reservation_target": []
              }
            ],
            "cpu_core_count": 1,
            "cpu_options": [
              {
                "amd_sev_snp": "",
                "core_count": 1,
                "threads_per_core": 1
              }
            ],
            "cpu_threads_per_core": 1,
            "credit_specification": [
              {
                "cpu_credits": "standard"
              }
            ],
            "disable_api_stop": false,
            "disable_api_termination": false,
            "ebs_block_device": [],
            "ebs_optimized": false,
            "enable_primary_ipv6": null,
            "enclave_options": [
              {
                "enabled": false
              }
            ],
            "ephemeral_block_device": [],
            "get_password_data": false,
            "hibernation": false,
            "host_id": "",
            "host_resource_group_arn": null,
            "iam_instance_profile": "ec2-voice-agent-profile",
            "id": "i-07d146562e83c8ae0",
            "instance_initiated_shutdown_behavior": "stop",
            "instance_lifecycle": "",
            "instance_market_options": [],
            "instance_state": "running",
            "instance_type": "t2.small",
            "ipv6_address_count": 0,
            "ipv6_addresses": [],
            "key_name": "voice-agent-key",
            "launch_template": [],
            "maintenance_options": [
              {
                "auto_recovery": "default"
              }
            ],
            "metadata_options": [
              {
                "http_endpoint": "enabled",
                "http_protocol_ipv6": "disabled",
                "http_put_response_hop_limit": 1,
                "http_tokens": "optional",
                "instance_metadata_tags": "disabled"
              }
            ],
            "monitoring": true,
            "network_interface": [],
            "outpost_arn": "",
            "password_data": "",
            "placement_group": "",
            "placement_partition_number": 0,
            "primary_network_interface_id": "eni-094d86916128ff1d4",
            "private_dns": "ip-172-31-37-163.ec2.internal",
            "private_dns_name_options": [
              {
                "enable_resource_name_dns_a_record": false,
                "enable_resource_name_dns_aaaa_record": false,
                "hostname_type": "ip-name"
              }
            ],
            "private_ip": "172.31.37.163",
            "public_dns": "ec2-3-90-178-67.compute-1.amazonaws.com",
            "public_ip": "3.90.178.67",
            "root_block_device": [
              {
                "delete_on_termination": true,
                "device_name": "/dev/xvda",
                "encrypted": true,
                "iops": 3000,
                "kms_key_id": "arn:aws:kms:us-east-1:555233576616:key/fe4c116e-8076-41fa-b038-b0ef0f1dc323",
                "tags": {
                  "Environment": "dev",
                  "Name": "voice-agent-root-volume",
                  "Project": "ai-voice-agent"
                },
                "tags_all": {
                  "Environment": "dev",
                  "ManagedBy": "terraform",
                  "Name": "voice-agent-root-volume",
                  "Project": "ai-voice-agent"
                },
                "throughput": 125,
                "volume_id": "vol-02b2c6a45b59ccdaf",
                "volume_size": 20,
                "volume_type": "gp3"
              }
            ],
            "secondary_private_ips": [],
            "security_groups": [
              "voice-agent-sg20250905103327856700000001"
            ],
            "source_dest_check": true,
            "spot_instance_request_id": "",
            "subnet_id": "subnet-05c3a608703c7ef55",
            "tags": {
              "Environment": "dev",
              "Name": "ai-voice-agent",
              "Project": "ai-voice-agent",
              "Type": "voice-agent-server"
            },
            "tags_all": {
              "Environment": "dev",
              "ManagedBy": "terraform",
              "Name": "ai-voice-agent",
              "Project": "ai-voice-agent",
              "Type": "voice-agent-server"
            },
            "tenancy": "default",
            "timeouts": null,
            "user_data": "0ddd005f1f43213426da6bf6bd0ab124d919bf7d",
            "user_data_base64": null,
            "user_data_replace_on_change": true,
            "volume_tags": null,
            "vpc_security_group_ids": [
              "sg-0c280fa40ccd87185"
            ]
          },
          "sensitive_attributes": [],
          "private": "eyJlMmJmYjczMC1lY2FhLTExZTYtOGY4OC0zNDM2M2JjN2M0YzAiOnsiY3JlYXRlIjo2MDAwMDAwMDAwMDAsImRlbGV0ZSI6MTIwMDAwMDAwMDAwMCwicmVhZCI6OTAwMDAwMDAwMDAwLCJ1cGRhdGUiOjYwMDAwMDAwMDAwMH0sInNjaGVtYV92ZXJzaW9uIjoiMSJ9",
          "dependencies": [
            "aws_iam_instance_profile.ec2_voice_agent_profile",
            "aws_iam_role.ec2_voice_agent_role",
            "aws_key_pair.voice_agent_key",
            "aws_security_group.voice_agent_sg",
            "data.aws_ami.amazon_linux",
            "data.aws_availability_zones.available",
            "data.aws_subnet.default",
            "data.aws_vpc.default"
          ],
          "create_before_destroy": true
        }
      ]
    },
    {
      "mode": "managed",
      "type": "aws_key_pair",
      "name": "voice_agent_key",
      "provider": "provider[\"registry.terraform.io/hashicorp/aws\"]",
      "instances": [
        {
          "schema_version": 1,
          "attributes": {
            "arn": "arn:aws:ec2:us-east-1:555233576616:key-pair/voice-agent-key",
            "fingerprint": "2a:f5:87:89:0f:0d:8b:42:50:88:a1:af:9a:01:de:09",
            "id": "voice-agent-key",
            "key_name": "voice-agent-key",
            "key_name_prefix": "",
            "key_pair_id": "key-01e22a71f573ade8f",
            "key_type": "rsa",
            "public_key": "ssh-rsa AAAAB3NzaC1yc2EAAAADAQABAAACAQC/8Js/cNECmdvsjVnAAJfF0Os51Q/fPwdR20czTyoOnN2puw92SPlZcrRFwEp73LWt9Hn0/TtU4f1X4uq6lOtB/QkyZl+2D+k0iNThILyR8garWCzk2XWN+i+KYABNQAgX+qnkGWSZvxUeD6VjKLvbMhZa0IHGtLV60vDkhCogUyZBsp2NH61Ml4weKgGlkXNByCD33gz415p4TwdxcbNLpvcQjpcVAvRZDcdUflToGeCJBBi7ls3MW31u9EWFE6CmTzL7J1C3WbVcIW755KDZJnTrRlxSi4MqZYjinKNKrRMDlxOj9+GqbRfLee7gwPmIjeVXe9zJrHMiyi3gYonF2djecCDsnkPbEKDzRVuN0LC0k5on1FUf68xwOFMssLG1UIerFGAARhpmNRCG77dlVDlIvRIQId60MpVkyQmm1EofxCye6XETXa60HEyOb2dxxWAAbjgafkPd776qCChh5on/Q+BxobayNFnQFh3qMKSbUypK8Xxi7GfkWW4VVc/C9Nnqr40TqygNU+kzu7CV7ppr4mKZ2nYU5YAigd5E/MQJI8uSJpgl0tcdlD05Xn/GxdE2ooS8KMhggqfiF/onifPG8pViJNvT7rGhcwhT74uE5v4v5BVKYkeDRD82QERIPc+OdIa1wwm/xyLGkEzYPBPFOCDA5iRK12pKTeZOJQ== jay@Jay.local",
            "tags": {
              "Environment": "dev",
              "Name": "Voice Agent Key Pair",
              "Project": "ai-voice-agent"
            },
            "tags_all": {
              "Environment": "dev",
              "ManagedBy": "terraform",
              "Name": "Voice Agent Key Pair",
              "Project": "ai-voice-agent"
            }
          },
          "sensitive_attributes": [],
          "private": "eyJzY2hlbWFfdmVyc2lvbiI6IjEifQ==",
          "create_before_destroy": true
        }
      ]
    },
    {
      "mode": "managed",
      "type": "aws_security_group",
      "name": "voice_agent_sg",
      "provider": "provider[\"registry.terraform.io/hashicorp/aws\"]",
      "instances": [
        {
          "schema_version": 1,
          "attributes": {
            "arn": "arn:aws:ec2:us-east-1:555233576616:security-group/sg-0c280fa40ccd87185",
            "description": "Security group for AI Voice Agent EC2 instance",
            "egress": [
              {
                "cidr_blocks": [
                  "0.0.0.0/0"
                ],
                "description": "All outbound traffic",
                "from_port": 0,
                "ipv6_cidr_blocks": [],
                "prefix_list_ids": [],
                "protocol": "-1",
                "security_groups": [],
                "self": false,
                "to_port": 0
              }
            ],
            "id": "sg-0c280fa40ccd87185",
            "ingress": [
              {
                "cidr_blocks": [
                  "0.0.0.0/0"
                ],
                "description": "Backend API",
                "from_port": 8000,
                "ipv6_cidr_blocks": [],
                "prefix_list_ids": [],
                "protocol": "tcp",
                "security_groups": [],
                "self": false,
                "to_port": 8000
              },
              {
                "cidr_blocks": [
                  "0.0.0.0/0"
                ],
                "description": "HTTP Frontend",
                "from_port": 80,
                "ipv6_cidr_blocks": [],
                "prefix_list_ids": [],
                "protocol": "tcp",
                "security_groups": [],
                "self": false,
                "to_port": 80
              },
              {
                "cidr_blocks": [
                  "0.0.0.0/0"
                ],
                "description": "HTTPS",
                "from_port": 443,
                "ipv6_cidr_blocks": [],
                "prefix_list_ids": [],
                "protocol": "tcp",
                "security_groups": [],
                "self": false,
                "to_port": 443
              },
              {
                "cidr_blocks": [
                  "0.0.0.0/0"
                ],
                "description": "SSH",
                "from_port": 22,
                "ipv6_cidr_blocks": [],
                "prefix_list_ids": [],
                "protocol": "tcp",
                "security_groups": [],
                "self": false,
                "to_port": 22
              }
            ],
            "name": "voice-agent-sg20250905103327856700000001",
            "name_prefix": "voice-agent-sg",
            "owner_id": "555233576616",
            "revoke_rules_on_delete": false,
            "tags": {
              "Environment": "dev",
              "Name": "voice-agent-security-group",
              "Project": "ai-voice-agent"
            },
            "tags_all": {
              "Environment": "dev",
              "ManagedBy": "terraform",
              "Name": "voice-agent-security-group",
              "Project": "ai-voice-agent"
            },
            "timeouts": null,
            "vpc_id": "vpc-0327181a43ab90289"
          },
          "sensitive_attributes": [],
          "private": "eyJlMmJmYjczMC1lY2FhLTExZTYtOGY4OC0zNDM2M2JjN2M0YzAiOnsiY3JlYXRlIjo2MDAwMDAwMDAwMDAsImRlbGV0ZSI6OTAwMDAwMDAwMDAwfSwic2NoZW1hX3ZlcnNpb24iOiIxIn0=",
          "dependencies": [
            "data.aws_vpc.default"
          ],
          "create_before_destroy": true
        }
      ]
    }
  ],
  "check_results": null
}
